
Microsoft Visual Studio Solution File, Format Version 12.00
# Visual Studio Version 16
VisualStudioVersion = 16.0.29209.62
MinimumVisualStudioVersion = 10.0.40219.1
Project("{FAE04EC0-301F-11D3-BF4B-00C04F79EFBC}") = "Demo_NTier_XmlJsonData", "Demo_NTier_XmlJsonData\Demo_NTier_XmlJsonData.csproj", "{B69C5991-D520-4BF0-8372-8C08D80979AD}"
EndProject
Global
	GlobalSection(SolutionConfigurationPlatforms) = preSolution
		Debug|Any CPU = Debug|Any CPU
		Release|Any CPU = Release|Any CPU
	EndGlobalSection
	GlobalSection(ProjectConfigurationPlatforms) = postSolution
		{B69C5991-D520-4BF0-8372-8C08D80979AD}.Debug|Any CPU.ActiveCfg = Debug|Any CPU
		{B69C5991-D520-4BF0-8372-8C08D80979AD}.Debug|Any CPU.Build.0 = Debug|Any CPU
		{B69C5991-D520-4BF0-8372-8C08D80979AD}.Release|Any CPU.ActiveCfg = Release|Any CPU
		{B69C5991-D520-4BF0-8372-8C08D80979AD}.Release|Any CPU.Build.0 = Release|Any CPU
	EndGlobalSection
	GlobalSection(SolutionProperties) = preSolution
		HideSolutionNode = FALSE
	EndGlobalSection
	GlobalSection(ExtensibilityGlobals) = postSolution
		SolutionGuid = {4F6123E3-0BB5-4DD8-85EF-160B7438F4D4}
	EndGlobalSection
EndGlobal
